
Microsoft Visual Studio Solution File, Format Version 12.00
# Visual Studio Version 17
VisualStudioVersion = 17.8.34525.116
MinimumVisualStudioVersion = 10.0.40219.1
Project("{9A19103F-16F7-4668-BE54-9A1E7A4F7556}") = "CarStore", "CarStore\CarStore.csproj", "{0353E2BC-16CA-4C8B-8F16-A4686E6B3845}"
EndProject
Project("{9A19103F-16F7-4668-BE54-9A1E7A4F7556}") = "CarStore.Models", "CarStore.Models\CarStore.Models.csproj", "{45E2FD9F-0D65-4A25-8BEA-7455CD1D2DF0}"
EndProject
Project("{9A19103F-16F7-4668-BE54-9A1E7A4F7556}") = "CarStore.BL", "CarStore.BL\CarStore.BL.csproj", "{2D862634-2747-43E3-A408-7A9371AD1999}"
EndProject
Project("{9A19103F-16F7-4668-BE54-9A1E7A4F7556}") = "CarStore.DL", "CarStore.DL\CarStore.DL.csproj", "{8C468F2E-7EEF-4A49-AC6F-4EA7617FD917}"
EndProject
Project("{FAE04EC0-301F-11D3-BF4B-00C04F79EFBC}") = "CarStore.Tests", "CarStore.Tests\CarStore.Tests.csproj", "{336338B1-D4A0-4E09-8B4F-62A05438D30B}"
EndProject
Global
	GlobalSection(SolutionConfigurationPlatforms) = preSolution
		Debug|Any CPU = Debug|Any CPU
		Release|Any CPU = Release|Any CPU
	EndGlobalSection
	GlobalSection(ProjectConfigurationPlatforms) = postSolution
		{0353E2BC-16CA-4C8B-8F16-A4686E6B3845}.Debug|Any CPU.ActiveCfg = Debug|Any CPU
		{0353E2BC-16CA-4C8B-8F16-A4686E6B3845}.Debug|Any CPU.Build.0 = Debug|Any CPU
		{0353E2BC-16CA-4C8B-8F16-A4686E6B3845}.Release|Any CPU.ActiveCfg = Release|Any CPU
		{0353E2BC-16CA-4C8B-8F16-A4686E6B3845}.Release|Any CPU.Build.0 = Release|Any CPU
		{45E2FD9F-0D65-4A25-8BEA-7455CD1D2DF0}.Debug|Any CPU.ActiveCfg = Debug|Any CPU
		{45E2FD9F-0D65-4A25-8BEA-7455CD1D2DF0}.Debug|Any CPU.Build.0 = Debug|Any CPU
		{45E2FD9F-0D65-4A25-8BEA-7455CD1D2DF0}.Release|Any CPU.ActiveCfg = Release|Any CPU
		{45E2FD9F-0D65-4A25-8BEA-7455CD1D2DF0}.Release|Any CPU.Build.0 = Release|Any CPU
		{2D862634-2747-43E3-A408-7A9371AD1999}.Debug|Any CPU.ActiveCfg = Debug|Any CPU
		{2D862634-2747-43E3-A408-7A9371AD1999}.Debug|Any CPU.Build.0 = Debug|Any CPU
		{2D862634-2747-43E3-A408-7A9371AD1999}.Release|Any CPU.ActiveCfg = Release|Any CPU
		{2D862634-2747-43E3-A408-7A9371AD1999}.Release|Any CPU.Build.0 = Release|Any CPU
		{8C468F2E-7EEF-4A49-AC6F-4EA7617FD917}.Debug|Any CPU.ActiveCfg = Debug|Any CPU
		{8C468F2E-7EEF-4A49-AC6F-4EA7617FD917}.Debug|Any CPU.Build.0 = Debug|Any CPU
		{8C468F2E-7EEF-4A49-AC6F-4EA7617FD917}.Release|Any CPU.ActiveCfg = Release|Any CPU
		{8C468F2E-7EEF-4A49-AC6F-4EA7617FD917}.Release|Any CPU.Build.0 = Release|Any CPU
		{336338B1-D4A0-4E09-8B4F-62A05438D30B}.Debug|Any CPU.ActiveCfg = Debug|Any CPU
		{336338B1-D4A0-4E09-8B4F-62A05438D30B}.Debug|Any CPU.Build.0 = Debug|Any CPU
		{336338B1-D4A0-4E09-8B4F-62A05438D30B}.Release|Any CPU.ActiveCfg = Release|Any CPU
		{336338B1-D4A0-4E09-8B4F-62A05438D30B}.Release|Any CPU.Build.0 = Release|Any CPU
	EndGlobalSection
	GlobalSection(SolutionProperties) = preSolution
		HideSolutionNode = FALSE
	EndGlobalSection
	GlobalSection(ExtensibilityGlobals) = postSolution
		SolutionGuid = {8E1C8F72-497E-4880-A3B6-A0E902167122}
	EndGlobalSection
EndGlobal
